
Microsoft Visual Studio Solution File, Format Version 12.00
# Visual Studio 14
VisualStudioVersion = 14.0.25420.1
MinimumVisualStudioVersion = 10.0.40219.1
Project("{159641D6-6404-4A2A-AE62-294DE0FE8301}") = "Populate DW", "Populate DW\Populate DW.dtproj", "{1D4EA27D-D053-4C94-92C9-6BDEE3593F46}"
EndProject
Global
	GlobalSection(SolutionConfigurationPlatforms) = preSolution
		Development|Default = Development|Default
	EndGlobalSection
	GlobalSection(ProjectConfigurationPlatforms) = postSolution
		{1D4EA27D-D053-4C94-92C9-6BDEE3593F46}.Development|Default.ActiveCfg = Development
		{1D4EA27D-D053-4C94-92C9-6BDEE3593F46}.Development|Default.Build.0 = Development
	EndGlobalSection
	GlobalSection(SolutionProperties) = preSolution
		HideSolutionNode = FALSE
	EndGlobalSection
EndGlobal
